// !$*UTF8*$!
{
	archiveVersion = 1;
	classes = {
	};
	objectVersion = 46;
	objects = {

/* Begin PBXBuildFile section */
		C8E3A5041A805A2F00AED864 /* AppDelegate.swift in Sources */ = {isa = PBXBuildFile; fileRef = C8E3A5031A805A2F00AED864 /* AppDelegate.swift */; };
		C8E3A5061A805A2F00AED864 /* ViewController.swift in Sources */ = {isa = PBXBuildFile; fileRef = C8E3A5051A805A2F00AED864 /* ViewController.swift */; };
		C8E3A5091A805A2F00AED864 /* Main.storyboard in Resources */ = {isa = PBXBuildFile; fileRef = C8E3A5071A805A2F00AED864 /* Main.storyboard */; };
		C8E3A50B1A805A2F00AED864 /* Images.xcassets in Resources */ = {isa = PBXBuildFile; fileRef = C8E3A50A1A805A2F00AED864 /* Images.xcassets */; };
		C8E3A50E1A805A2F00AED864 /* LaunchScreen.xib in Resources */ = {isa = PBXBuildFile; fileRef = C8E3A50C1A805A2F00AED864 /* LaunchScreen.xib */; };
		C8E3A51A1A805A2F00AED864 /* todos02022015Tests.swift in Sources */ = {isa = PBXBuildFile; fileRef = C8E3A5191A805A2F00AED864 /* todos02022015Tests.swift */; };
/* End PBXBuildFile section */

/* Begin PBXContainerItemProxy section */
		C8E3A5141A805A2F00AED864 /* PBXContainerItemProxy */ = {
			isa = PBXContainerItemProxy;
			containerPortal = C8E3A4F61A805A2F00AED864 /* Project object */;
			proxyType = 1;
			remoteGlobalIDString = C8E3A4FD1A805A2F00AED864;
			remoteInfo = todos02022015;
		};
/* End PBXContainerItemProxy section */

/* Begin PBXFileReference section */
		C8E3A4FE1A805A2F00AED864 /* todos02022015.app */ = {isa = PBXFileReference; explicitFileType = wrapper.application; includeInIndex = 0; path = todos02022015.app; sourceTree = BUILT_PRODUCTS_DIR; };
		C8E3A5021A805A2F00AED864 /* Info.plist */ = {isa = PBXFileReference; lastKnownFileType = text.plist.xml; path = Info.plist; sourceTree = "<group>"; };
		C8E3A5031A805A2F00AED864 /* AppDelegate.swift */ = {isa = PBXFileReference; lastKnownFileType = sourcecode.swift; path = AppDelegate.swift; sourceTree = "<group>"; };
		C8E3A5051A805A2F00AED864 /* ViewController.swift */ = {isa = PBXFileReference; lastKnownFileType = sourcecode.swift; path = ViewController.swift; sourceTree = "<group>"; };
		C8E3A5081A805A2F00AED864 /* Base */ = {isa = PBXFileReference; lastKnownFileType = file.storyboard; name = Base; path = Base.lproj/Main.storyboard; sourceTree = "<group>"; };
		C8E3A50A1A805A2F00AED864 /* Images.xcassets */ = {isa = PBXFileReference; lastKnownFileType = folder.assetcatalog; path = Images.xcassets; sourceTree = "<group>"; };
		C8E3A50D1A805A2F00AED864 /* Base */ = {isa = PBXFileReference; lastKnownFileType = file.xib; name = Base; path = Base.lproj/LaunchScreen.xib; sourceTree = "<group>"; };
		C8E3A5131A805A2F00AED864 /* todos02022015Tests.xctest */ = {isa = PBXFileReference; explicitFileType = wrapper.cfbundle; includeInIndex = 0; path = todos02022015Tests.xctest; sourceTree = BUILT_PRODUCTS_DIR; };
		C8E3A5181A805A2F00AED864 /* Info.plist */ = {isa = PBXFileReference; lastKnownFileType = text.plist.xml; path = Info.plist; sourceTree = "<group>"; };
		C8E3A5191A805A2F00AED864 /* todos02022015Tests.swift */ = {isa = PBXFileReference; lastKnownFileType = sourcecode.swift; path = todos02022015Tests.swift; sourceTree = "<group>"; };
/* End PBXFileReference section */

/* Begin PBXFrameworksBuildPhase section */
		C8E3A4FB1A805A2F00AED864 /* Frameworks */ = {
			isa = PBXFrameworksBuildPhase;
			buildActionMask = 2147483647;
			files = (
			);
			runOnlyForDeploymentPostprocessing = 0;
		};
		C8E3A5101A805A2F00AED864 /* Frameworks */ = {
			isa = PBXFrameworksBuildPhase;
			buildActionMask = 2147483647;
			files = (
			);
			runOnlyForDeploymentPostprocessing = 0;
		};
/* End PBXFrameworksBuildPhase section */

/* Begin PBXGroup section */
		C8E3A4F51A805A2F00AED864 = {
			isa = PBXGroup;
			children = (
				C8E3A5001A805A2F00AED864 /* todos02022015 */,
				C8E3A5161A805A2F00AED864 /* todos02022015Tests */,
				C8E3A4FF1A805A2F00AED864 /* Products */,
			);
			sourceTree = "<group>";
		};
		C8E3A4FF1A805A2F00AED864 /* Products */ = {
			isa = PBXGroup;
			children = (
				C8E3A4FE1A805A2F00AED864 /* todos02022015.app */,
				C8E3A5131A805A2F00AED864 /* todos02022015Tests.xctest */,
			);
			name = Products;
			sourceTree = "<group>";
		};
		C8E3A5001A805A2F00AED864 /* todos02022015 */ = {
			isa = PBXGroup;
			children = (
				C8E3A5031A805A2F00AED864 /* AppDelegate.swift */,
				C8E3A5051A805A2F00AED864 /* ViewController.swift */,
				C8E3A5071A805A2F00AED864 /* Main.storyboard */,
				C8E3A50A1A805A2F00AED864 /* Images.xcassets */,
				C8E3A50C1A805A2F00AED864 /* LaunchScreen.xib */,
				C8E3A5011A805A2F00AED864 /* Supporting Files */,
			);
			path = todos02022015;
			sourceTree = "<group>";
		};
		C8E3A5011A805A2F00AED864 /* Supporting Files */ = {
			isa = PBXGroup;
			children = (
				C8E3A5021A805A2F00AED864 /* Info.plist */,
			);
			name = "Supporting Files";
			sourceTree = "<group>";
		};
		C8E3A5161A805A2F00AED864 /* todos02022015Tests */ = {
			isa = PBXGroup;
			children = (
				C8E3A5191A805A2F00AED864 /* todos02022015Tests.swift */,
				C8E3A5171A805A2F00AED864 /* Supporting Files */,
			);
			path = todos02022015Tests;
			sourceTree = "<group>";
		};
		C8E3A5171A805A2F00AED864 /* Supporting Files */ = {
			isa = PBXGroup;
			children = (
				C8E3A5181A805A2F00AED864 /* Info.plist */,
			);
			name = "Supporting Files";
			sourceTree = "<group>";
		};
/* End PBXGroup section */

/* Begin PBXNativeTarget section */
		C8E3A4FD1A805A2F00AED864 /* todos02022015 */ = {
			isa = PBXNativeTarget;
			buildConfigurationList = C8E3A51D1A805A2F00AED864 /* Build configuration list for PBXNativeTarget "todos02022015" */;
			buildPhases = (
				C8E3A4FA1A805A2F00AED864 /* Sources */,
				C8E3A4FB1A805A2F00AED864 /* Frameworks */,
				C8E3A4FC1A805A2F00AED864 /* Resources */,
			);
			buildRules = (
			);
			dependencies = (
			);
			name = todos02022015;
			productName = todos02022015;
			productReference = C8E3A4FE1A805A2F00AED864 /* todos02022015.app */;
			productType = "com.apple.product-type.application";
		};
		C8E3A5121A805A2F00AED864 /* todos02022015Tests */ = {
			isa = PBXNativeTarget;
			buildConfigurationList = C8E3A5201A805A2F00AED864 /* Build configuration list for PBXNativeTarget "todos02022015Tests" */;
			buildPhases = (
				C8E3A50F1A805A2F00AED864 /* Sources */,
				C8E3A5101A805A2F00AED864 /* Frameworks */,
				C8E3A5111A805A2F00AED864 /* Resources */,
			);
			buildRules = (
			);
			dependencies = (
				C8E3A5151A805A2F00AED864 /* PBXTargetDependency */,
			);
			name = todos02022015Tests;
			productName = todos02022015Tests;
			productReference = C8E3A5131A805A2F00AED864 /* todos02022015Tests.xctest */;
			productType = "com.apple.product-type.bundle.unit-test";
		};
/* End PBXNativeTarget section */

/* Begin PBXProject section */
		C8E3A4F61A805A2F00AED864 /* Project object */ = {
			isa = PBXProject;
			attributes = {
				LastUpgradeCheck = 0610;
				ORGANIZATIONNAME = "lauren Lubeck";
				TargetAttributes = {
					C8E3A4FD1A805A2F00AED864 = {
						CreatedOnToolsVersion = 6.1.1;
					};
					C8E3A5121A805A2F00AED864 = {
						CreatedOnToolsVersion = 6.1.1;
						TestTargetID = C8E3A4FD1A805A2F00AED864;
					};
				};
			};
			buildConfigurationList = C8E3A4F91A805A2F00AED864 /* Build configuration list for PBXProject "todos02022015" */;
			compatibilityVersion = "Xcode 3.2";
			developmentRegion = English;
			hasScannedForEncodings = 0;
			knownRegions = (
				en,
				Base,
			);
			mainGroup = C8E3A4F51A805A2F00AED864;
			productRefGroup = C8E3A4FF1A805A2F00AED864 /* Products */;
			projectDirPath = "";
			projectRoot = "";
			targets = (
				C8E3A4FD1A805A2F00AED864 /* todos02022015 */,
				C8E3A5121A805A2F00AED864 /* todos02022015Tests */,
			);
		};
/* End PBXProject section */

/* Begin PBXResourcesBuildPhase section */
		C8E3A4FC1A805A2F00AED864 /* Resources */ = {
			isa = PBXResourcesBuildPhase;
			buildActionMask = 2147483647;
			files = (
				C8E3A5091A805A2F00AED864 /* Main.storyboard in Resources */,
				C8E3A50E1A805A2F00AED864 /* LaunchScreen.xib in Resources */,
				C8E3A50B1A805A2F00AED864 /* Images.xcassets in Resources */,
			);
			runOnlyForDeploymentPostprocessing = 0;
		};
		C8E3A5111A805A2F00AED864 /* Resources */ = {
			isa = PBXResourcesBuildPhase;
			buildActionMask = 2147483647;
			files = (
			);
			runOnlyForDeploymentPostprocessing = 0;
		};
/* End PBXResourcesBuildPhase section */

/* Begin PBXSourcesBuildPhase section */
		C8E3A4FA1A805A2F00AED864 /* Sources */ = {
			isa = PBXSourcesBuildPhase;
			buildActionMask = 2147483647;
			files = (
				C8E3A5061A805A2F00AED864 /* ViewController.swift in Sources */,
				C8E3A5041A805A2F00AED864 /* AppDelegate.swift in Sources */,
			);
			runOnlyForDeploymentPostprocessing = 0;
		};
		C8E3A50F1A805A2F00AED864 /* Sources */ = {
			isa = PBXSourcesBuildPhase;
			buildActionMask = 2147483647;
			files = (
				C8E3A51A1A805A2F00AED864 /* todos02022015Tests.swift in Sources */,
			);
			runOnlyForDeploymentPostprocessing = 0;
		};
/* End PBXSourcesBuildPhase section */

/* Begin PBXTargetDependency section */
		C8E3A5151A805A2F00AED864 /* PBXTargetDependency */ = {
			isa = PBXTargetDependency;
			target = C8E3A4FD1A805A2F00AED864 /* todos02022015 */;
			targetProxy = C8E3A5141A805A2F00AED864 /* PBXContainerItemProxy */;
		};
/* End PBXTargetDependency section */

/* Begin PBXVariantGroup section */
		C8E3A5071A805A2F00AED864 /* Main.storyboard */ = {
			isa = PBXVariantGroup;
			children = (
				C8E3A5081A805A2F00AED864 /* Base */,
			);
			name = Main.storyboard;
			sourceTree = "<group>";
		};
		C8E3A50C1A805A2F00AED864 /* LaunchScreen.xib */ = {
			isa = PBXVariantGroup;
			children = (
				C8E3A50D1A805A2F00AED864 /* Base */,
			);
			name = LaunchScreen.xib;
			sourceTree = "<group>";
		};
/* End PBXVariantGroup section */

/* Begin XCBuildConfiguration section */
		C8E3A51B1A805A2F00AED864 /* Debug */ = {
			isa = XCBuildConfiguration;
			buildSettings = {
				ALWAYS_SEARCH_USER_PATHS = NO;
				CLANG_CXX_LANGUAGE_STANDARD = "gnu++0x";
				CLANG_CXX_LIBRARY = "libc++";
				CLANG_ENABLE_MODULES = YES;
				CLANG_ENABLE_OBJC_ARC = YES;
				CLANG_WARN_BOOL_CONVERSION = YES;
				CLANG_WARN_CONSTANT_CONVERSION = YES;
				CLANG_WARN_DIRECT_OBJC_ISA_USAGE = YES_ERROR;
				CLANG_WARN_EMPTY_BODY = YES;
				CLANG_WARN_ENUM_CONVERSION = YES;
				CLANG_WARN_INT_CONVERSION = YES;
				CLANG_WARN_OBJC_ROOT_CLASS = YES_ERROR;
				CLANG_WARN_UNREACHABLE_CODE = YES;
				CLANG_WARN__DUPLICATE_METHOD_MATCH = YES;
				"CODE_SIGN_IDENTITY[sdk=iphoneos*]" = "iPhone Developer";
				COPY_PHASE_STRIP = NO;
				ENABLE_STRICT_OBJC_MSGSEND = YES;
				GCC_C_LANGUAGE_STANDARD = gnu99;
				GCC_DYNAMIC_NO_PIC = NO;
				GCC_OPTIMIZATION_LEVEL = 0;
				GCC_PREPROCESSOR_DEFINITIONS = (
					"DEBUG=1",
					"$(inherited)",
				);
				GCC_SYMBOLS_PRIVATE_EXTERN = NO;
				GCC_WARN_64_TO_32_BIT_CONVERSION = YES;
				GCC_WARN_ABOUT_RETURN_TYPE = YES_ERROR;
				GCC_WARN_UNDECLARED_SELECTOR = YES;
				GCC_WARN_UNINITIALIZED_AUTOS = YES_AGGRESSIVE;
				GCC_WARN_UNUSED_FUNCTION = YES;
				GCC_WARN_UNUSED_VARIABLE = YES;
				IPHONEOS_DEPLOYMENT_TARGET = 8.1;
				MTL_ENABLE_DEBUG_INFO = YES;
				ONLY_ACTIVE_ARCH = YES;
				SDKROOT = iphoneos;
				SWIFT_OPTIMIZATION_LEVEL = "-Onone";
			};
			name = Debug;
		};
		C8E3A51C1A805A2F00AED864 /* Release */ = {
			isa = XCBuildConfiguration;
			buildSettings = {
				ALWAYS_SEARCH_USER_PATHS = NO;
				CLANG_CXX_LANGUAGE_STANDARD = "gnu++0x";
				CLANG_CXX_LIBRARY = "libc++";
				CLANG_ENABLE_MODULES = YES;
				CLANG_ENABLE_OBJC_ARC = YES;
				CLANG_WARN_BOOL_CONVERSION = YES;
				CLANG_WARN_CONSTANT_CONVERSION = YES;
				CLANG_WARN_DIRECT_OBJC_ISA_USAGE = YES_ERROR;
				CLANG_WARN_EMPTY_BODY = YES;
				CLANG_WARN_ENUM_CONVERSION = YES;
				CLANG_WARN_INT_CONVERSION = YES;
				CLANG_WARN_OBJC_ROOT_CLASS = YES_ERROR;
				CLANG_WARN_UNREACHABLE_CODE = YES;
				CLANG_WARN__DUPLICATE_METHOD_MATCH = YES;
				"CODE_SIGN_IDENTITY[sdk=iphoneos*]" = "iPhone Developer";
				COPY_PHASE_STRIP = YES;
				ENABLE_NS_ASSERTIONS = NO;
				ENABLE_STRICT_OBJC_MSGSEND = YES;
				GCC_C_LANGUAGE_STANDARD = gnu99;
				GCC_WARN_64_TO_32_BIT_CONVERSION = YES;
				GCC_WARN_ABOUT_RETURN_TYPE = YES_ERROR;
				GCC_WARN_UNDECLARED_SELECTOR = YES;
				GCC_WARN_UNINITIALIZED_AUTOS = YES_AGGRESSIVE;
				GCC_WARN_UNUSED_FUNCTION = YES;
				GCC_WARN_UNUSED_VARIABLE = YES;
				IPHONEOS_DEPLOYMENT_TARGET = 8.1;
				MTL_ENABLE_DEBUG_INFO = NO;
				SDKROOT = iphoneos;
				VALIDATE_PRODUCT = YES;
			};
			name = Release;
		};
		C8E3A51E1A805A2F00AED864 /* Debug */ = {
			isa = XCBuildConfiguration;
			buildSettings = {
				ASSETCATALOG_COMPILER_APPICON_NAME = AppIcon;
				INFOPLIST_FILE = todos02022015/Info.plist;
				LD_RUNPATH_SEARCH_PATHS = "$(inherited) @executable_path/Frameworks";
				PRODUCT_NAME = "$(TARGET_NAME)";
			};
			name = Debug;
		};
		C8E3A51F1A805A2F00AED864 /* Release */ = {
			isa = XCBuildConfiguration;
			buildSettings = {
				ASSETCATALOG_COMPILER_APPICON_NAME = AppIcon;
				INFOPLIST_FILE = todos02022015/Info.plist;
				LD_RUNPATH_SEARCH_PATHS = "$(inherited) @executable_path/Frameworks";
				PRODUCT_NAME = "$(TARGET_NAME)";
			};
			name = Release;
		};
		C8E3A5211A805A2F00AED864 /* Debug */ = {
			isa = XCBuildConfiguration;
			buildSettings = {
				BUNDLE_LOADER = "$(TEST_HOST)";
				FRAMEWORK_SEARCH_PATHS = (
					"$(SDKROOT)/Developer/Library/Frameworks",
					"$(inherited)",
				);
				GCC_PREPROCESSOR_DEFINITIONS = (
					"DEBUG=1",
					"$(inherited)",
				);
				INFOPLIST_FILE = todos02022015Tests/Info.plist;
				LD_RUNPATH_SEARCH_PATHS = "$(inherited) @executable_path/Frameworks @loader_path/Frameworks";
				PRODUCT_NAME = "$(TARGET_NAME)";
				TEST_HOST = "$(BUILT_PRODUCTS_DIR)/todos02022015.app/todos02022015";
			};
			name = Debug;
		};
		C8E3A5221A805A2F00AED864 /* Release */ = {
			isa = XCBuildConfiguration;
			buildSettings = {
				BUNDLE_LOADER = "$(TEST_HOST)";
				FRAMEWORK_SEARCH_PATHS = (
					"$(SDKROOT)/Developer/Library/Frameworks",
					"$(inherited)",
				);
				INFOPLIST_FILE = todos02022015Tests/Info.plist;
				LD_RUNPATH_SEARCH_PATHS = "$(inherited) @executable_path/Frameworks @loader_path/Frameworks";
				PRODUCT_NAME = "$(TARGET_NAME)";
				TEST_HOST = "$(BUILT_PRODUCTS_DIR)/todos02022015.app/todos02022015";
			};
			name = Release;
		};
/* End XCBuildConfiguration section */

/* Begin XCConfigurationList section */
		C8E3A4F91A805A2F00AED864 /* Build configuration list for PBXProject "todos02022015" */ = {
			isa = XCConfigurationList;
			buildConfigurations = (
				C8E3A51B1A805A2F00AED864 /* Debug */,
				C8E3A51C1A805A2F00AED864 /* Release */,
			);
			defaultConfigurationIsVisible = 0;
			defaultConfigurationName = Release;
		};
		C8E3A51D1A805A2F00AED864 /* Build configuration list for PBXNativeTarget "todos02022015" */ = {
			isa = XCConfigurationList;
			buildConfigurations = (
				C8E3A51E1A805A2F00AED864 /* Debug */,
				C8E3A51F1A805A2F00AED864 /* Release */,
			);
			defaultConfigurationIsVisible = 0;
		};
		C8E3A5201A805A2F00AED864 /* Build configuration list for PBXNativeTarget "todos02022015Tests" */ = {
			isa = XCConfigurationList;
			buildConfigurations = (
				C8E3A5211A805A2F00AED864 /* Debug */,
				C8E3A5221A805A2F00AED864 /* Release */,
			);
			defaultConfigurationIsVisible = 0;
		};
/* End XCConfigurationList section */
	};
	rootObject = C8E3A4F61A805A2F00AED864 /* Project object */;
}
